
Microsoft Visual Studio Solution File, Format Version 12.00
# Visual Studio Version 17
VisualStudioVersion = 17.0.32112.339
MinimumVisualStudioVersion = 10.0.40219.1
Project("{FAE04EC0-301F-11D3-BF4B-00C04F79EFBC}") = "SoftSensConf_AK_4", "SoftSensConf_AK_4\SoftSensConf_AK_4.csproj", "{4BBF5218-1A15-4054-91BB-C2BFA70405D4}"
EndProject
Global
	GlobalSection(SolutionConfigurationPlatforms) = preSolution
		Debug|Any CPU = Debug|Any CPU
		Release|Any CPU = Release|Any CPU
	EndGlobalSection
	GlobalSection(ProjectConfigurationPlatforms) = postSolution
		{4BBF5218-1A15-4054-91BB-C2BFA70405D4}.Debug|Any CPU.ActiveCfg = Debug|Any CPU
		{4BBF5218-1A15-4054-91BB-C2BFA70405D4}.Debug|Any CPU.Build.0 = Debug|Any CPU
		{4BBF5218-1A15-4054-91BB-C2BFA70405D4}.Release|Any CPU.ActiveCfg = Release|Any CPU
		{4BBF5218-1A15-4054-91BB-C2BFA70405D4}.Release|Any CPU.Build.0 = Release|Any CPU
	EndGlobalSection
	GlobalSection(SolutionProperties) = preSolution
		HideSolutionNode = FALSE
	EndGlobalSection
	GlobalSection(ExtensibilityGlobals) = postSolution
		SolutionGuid = {B894FC94-F7A9-4015-964F-1B988A2C4E1C}
	EndGlobalSection
EndGlobal
